
Microsoft Visual Studio Solution File, Format Version 12.00
# Visual Studio 14
VisualStudioVersion = 14.0.24720.0
MinimumVisualStudioVersion = 10.0.40219.1
Project("{FAE04EC0-301F-11D3-BF4B-00C04F79EFBC}") = "UnitTestingExampleACM", "UnitTestingExampleACM\UnitTestingExampleACM.csproj", "{F617C954-307F-4375-B0EC-132E59D4E75E}"
EndProject
Project("{FAE04EC0-301F-11D3-BF4B-00C04F79EFBC}") = "UnitTestingExampleACMTests", "UnitTestingExampleACMTests\UnitTestingExampleACMTests.csproj", "{D3E975D0-5647-4E75-A99E-825C9C612029}"
EndProject
Global
	GlobalSection(SolutionConfigurationPlatforms) = preSolution
		Debug|Any CPU = Debug|Any CPU
		Release|Any CPU = Release|Any CPU
	EndGlobalSection
	GlobalSection(ProjectConfigurationPlatforms) = postSolution
		{F617C954-307F-4375-B0EC-132E59D4E75E}.Debug|Any CPU.ActiveCfg = Debug|Any CPU
		{F617C954-307F-4375-B0EC-132E59D4E75E}.Debug|Any CPU.Build.0 = Debug|Any CPU
		{F617C954-307F-4375-B0EC-132E59D4E75E}.Release|Any CPU.ActiveCfg = Release|Any CPU
		{F617C954-307F-4375-B0EC-132E59D4E75E}.Release|Any CPU.Build.0 = Release|Any CPU
		{D3E975D0-5647-4E75-A99E-825C9C612029}.Debug|Any CPU.ActiveCfg = Debug|Any CPU
		{D3E975D0-5647-4E75-A99E-825C9C612029}.Debug|Any CPU.Build.0 = Debug|Any CPU
		{D3E975D0-5647-4E75-A99E-825C9C612029}.Release|Any CPU.ActiveCfg = Release|Any CPU
		{D3E975D0-5647-4E75-A99E-825C9C612029}.Release|Any CPU.Build.0 = Release|Any CPU
	EndGlobalSection
	GlobalSection(SolutionProperties) = preSolution
		HideSolutionNode = FALSE
	EndGlobalSection
EndGlobal
